
Microsoft Visual Studio Solution File, Format Version 12.00
# Visual Studio 15
VisualStudioVersion = 15.0.27130.2026
MinimumVisualStudioVersion = 10.0.40219.1
Project("{FAE04EC0-301F-11D3-BF4B-00C04F79EFBC}") = "PDFNbPages", "PDFNbPages\PDFNbPages.csproj", "{4C126911-DB6A-4107-BCDD-066DB998380C}"
EndProject
Global
	GlobalSection(SolutionConfigurationPlatforms) = preSolution
		Debug|Any CPU = Debug|Any CPU
		Release|Any CPU = Release|Any CPU
	EndGlobalSection
	GlobalSection(ProjectConfigurationPlatforms) = postSolution
		{4C126911-DB6A-4107-BCDD-066DB998380C}.Debug|Any CPU.ActiveCfg = Debug|Any CPU
		{4C126911-DB6A-4107-BCDD-066DB998380C}.Debug|Any CPU.Build.0 = Debug|Any CPU
		{4C126911-DB6A-4107-BCDD-066DB998380C}.Release|Any CPU.ActiveCfg = Release|Any CPU
		{4C126911-DB6A-4107-BCDD-066DB998380C}.Release|Any CPU.Build.0 = Release|Any CPU
	EndGlobalSection
	GlobalSection(SolutionProperties) = preSolution
		HideSolutionNode = FALSE
	EndGlobalSection
	GlobalSection(ExtensibilityGlobals) = postSolution
		SolutionGuid = {097A8509-E7D8-467F-B44F-B517961A0601}
	EndGlobalSection
EndGlobal
